// !$*UTF8*$!
{
	archiveVersion = 1;
	classes = {
	};
	objectVersion = 50;
	objects = {

/* Begin PBXBuildFile section */
		D3BC38CBA49CAD0913D687AE /* Pods_printbeatAdmin.framework in Frameworks */ = {isa = PBXBuildFile; fileRef = 1D9C75F78E90890FEE087D22 /* Pods_printbeatAdmin.framework */; };
		F3A45FAEDD84571ADCEA202E /* Pods_printbeat.framework in Frameworks */ = {isa = PBXBuildFile; fileRef = BCF25055704F1C0C9ED70B8F /* Pods_printbeat.framework */; };
		FA0986192324151E0089B3EC /* UserService.swift in Sources */ = {isa = PBXBuildFile; fileRef = FAC3AB9422DF53AD0073CC6D /* UserService.swift */; };
		FA09861A232415790089B3EC /* User.swift in Sources */ = {isa = PBXBuildFile; fileRef = FAC3AB9122DF47730073CC6D /* User.swift */; };
		FA0AEE6B229BAB10002227C1 /* AppDelegate.swift in Sources */ = {isa = PBXBuildFile; fileRef = FA0AEE6A229BAB10002227C1 /* AppDelegate.swift */; };
		FA0AEE6D229BAB10002227C1 /* HomeVC.swift in Sources */ = {isa = PBXBuildFile; fileRef = FA0AEE6C229BAB10002227C1 /* HomeVC.swift */; };
		FA0AEE70229BAB10002227C1 /* Main.storyboard in Resources */ = {isa = PBXBuildFile; fileRef = FA0AEE6E229BAB10002227C1 /* Main.storyboard */; };
		FA0AEE72229BAB10002227C1 /* Assets.xcassets in Resources */ = {isa = PBXBuildFile; fileRef = FA0AEE71229BAB10002227C1 /* Assets.xcassets */; };
		FA0AEE75229BAB10002227C1 /* LaunchScreen.storyboard in Resources */ = {isa = PBXBuildFile; fileRef = FA0AEE73229BAB10002227C1 /* LaunchScreen.storyboard */; };
		FA0AEE83229BAB1B002227C1 /* AppDelegate.swift in Sources */ = {isa = PBXBuildFile; fileRef = FA0AEE82229BAB1B002227C1 /* AppDelegate.swift */; };
		FA0AEE85229BAB1B002227C1 /* AdminHomeVC.swift in Sources */ = {isa = PBXBuildFile; fileRef = FA0AEE84229BAB1B002227C1 /* AdminHomeVC.swift */; };
		FA0AEE88229BAB1B002227C1 /* Main.storyboard in Resources */ = {isa = PBXBuildFile; fileRef = FA0AEE86229BAB1B002227C1 /* Main.storyboard */; };
		FA0AEE8D229BAB1B002227C1 /* LaunchScreen.storyboard in Resources */ = {isa = PBXBuildFile; fileRef = FA0AEE8B229BAB1B002227C1 /* LaunchScreen.storyboard */; };
		FA0AEE93229BABBD002227C1 /* Assets.xcassets in Resources */ = {isa = PBXBuildFile; fileRef = FA0AEE71229BAB10002227C1 /* Assets.xcassets */; };
		FA0AEE95229BAF09002227C1 /* Login.storyboard in Resources */ = {isa = PBXBuildFile; fileRef = FA0AEE94229BAF09002227C1 /* Login.storyboard */; };
		FA1EF59622A3AB31000B85A2 /* Firebase+Utils.swift in Sources */ = {isa = PBXBuildFile; fileRef = FA1EF59522A3AB31000B85A2 /* Firebase+Utils.swift */; };
		FA1EF59A22A3B412000B85A2 /* Remachine.ttf in Resources */ = {isa = PBXBuildFile; fileRef = FA1EF59922A3B412000B85A2 /* Remachine.ttf */; };
		FA1EF59B22A3B412000B85A2 /* Remachine.ttf in Resources */ = {isa = PBXBuildFile; fileRef = FA1EF59922A3B412000B85A2 /* Remachine.ttf */; };
		FA1EF5A422A4E990000B85A2 /* ProductDetailVC.swift in Sources */ = {isa = PBXBuildFile; fileRef = FA1EF5A222A4E990000B85A2 /* ProductDetailVC.swift */; };
		FA1EF5A522A4E990000B85A2 /* ProductDetailVC.swift in Sources */ = {isa = PBXBuildFile; fileRef = FA1EF5A222A4E990000B85A2 /* ProductDetailVC.swift */; };
		FA1EF5A622A4E990000B85A2 /* ProductDetailVC.xib in Resources */ = {isa = PBXBuildFile; fileRef = FA1EF5A322A4E990000B85A2 /* ProductDetailVC.xib */; };
		FA1EF5A722A4E990000B85A2 /* ProductDetailVC.xib in Resources */ = {isa = PBXBuildFile; fileRef = FA1EF5A322A4E990000B85A2 /* ProductDetailVC.xib */; };
		FA1EF5A822A4F9A4000B85A2 /* HomeVC.swift in Sources */ = {isa = PBXBuildFile; fileRef = FA0AEE6C229BAB10002227C1 /* HomeVC.swift */; };
		FA1EF5A922A4FAA9000B85A2 /* RoundedViews.swift in Sources */ = {isa = PBXBuildFile; fileRef = FA4EEBF1229C9E0600748A19 /* RoundedViews.swift */; };
		FA1EF5AA22A4FAFF000B85A2 /* Constants.swift in Sources */ = {isa = PBXBuildFile; fileRef = FA4EEBEF229C999700748A19 /* Constants.swift */; };
		FA1EF5AB22A4FB02000B85A2 /* Extensions.swift in Sources */ = {isa = PBXBuildFile; fileRef = FA4EEBF3229CE38900748A19 /* Extensions.swift */; };
		FA1EF5AC22A4FB04000B85A2 /* Firebase+Utils.swift in Sources */ = {isa = PBXBuildFile; fileRef = FA1EF59522A3AB31000B85A2 /* Firebase+Utils.swift */; };
		FA4EEBE3229BBE3400748A19 /* GoogleService-Info.plist in Resources */ = {isa = PBXBuildFile; fileRef = FA4EEBE2229BBE3400748A19 /* GoogleService-Info.plist */; };
		FA4EEBE5229BBFD600748A19 /* GoogleService-Info.plist in Resources */ = {isa = PBXBuildFile; fileRef = FA4EEBE4229BBFD600748A19 /* GoogleService-Info.plist */; };
		FA4EEBEB229BC70800748A19 /* LoginVC.swift in Sources */ = {isa = PBXBuildFile; fileRef = FA4EEBEA229BC70800748A19 /* LoginVC.swift */; };
		FA4EEBED229BC71600748A19 /* RegisterVC.swift in Sources */ = {isa = PBXBuildFile; fileRef = FA4EEBEC229BC71600748A19 /* RegisterVC.swift */; };
		FA4EEBF0229C999700748A19 /* Constants.swift in Sources */ = {isa = PBXBuildFile; fileRef = FA4EEBEF229C999700748A19 /* Constants.swift */; };
		FA4EEBF2229C9E0600748A19 /* RoundedViews.swift in Sources */ = {isa = PBXBuildFile; fileRef = FA4EEBF1229C9E0600748A19 /* RoundedViews.swift */; };
		FA4EEBF4229CE38900748A19 /* Extensions.swift in Sources */ = {isa = PBXBuildFile; fileRef = FA4EEBF3229CE38900748A19 /* Extensions.swift */; };
		FA4EEBF8229CF08200748A19 /* ForgotPasswordVC.swift in Sources */ = {isa = PBXBuildFile; fileRef = FA4EEBF6229CF08200748A19 /* ForgotPasswordVC.swift */; };
		FA4EEBF9229CF08200748A19 /* ForgotPasswordVC.xib in Resources */ = {isa = PBXBuildFile; fileRef = FA4EEBF7229CF08200748A19 /* ForgotPasswordVC.xib */; };
		FA4EEBFB229D205400748A19 /* Category.swift in Sources */ = {isa = PBXBuildFile; fileRef = FA4EEBFA229D205400748A19 /* Category.swift */; };
		FA4EEBFC229D205400748A19 /* Category.swift in Sources */ = {isa = PBXBuildFile; fileRef = FA4EEBFA229D205400748A19 /* Category.swift */; };
		FA4EEBFF229D218C00748A19 /* CategoryCell.swift in Sources */ = {isa = PBXBuildFile; fileRef = FA4EEBFD229D218C00748A19 /* CategoryCell.swift */; };
		FA4EEC00229D218C00748A19 /* CategoryCell.swift in Sources */ = {isa = PBXBuildFile; fileRef = FA4EEBFD229D218C00748A19 /* CategoryCell.swift */; };
		FA4EEC01229D218C00748A19 /* CategoryCell.xib in Resources */ = {isa = PBXBuildFile; fileRef = FA4EEBFE229D218C00748A19 /* CategoryCell.xib */; };
		FA4EEC02229D218C00748A19 /* CategoryCell.xib in Resources */ = {isa = PBXBuildFile; fileRef = FA4EEBFE229D218C00748A19 /* CategoryCell.xib */; };
		FA4EEC05229DFEE900748A19 /* ProductsVC.swift in Sources */ = {isa = PBXBuildFile; fileRef = FA4EEC04229DFEE900748A19 /* ProductsVC.swift */; };
		FA4EEC07229DFEF100748A19 /* ProductsVC.swift in Sources */ = {isa = PBXBuildFile; fileRef = FA4EEC04229DFEE900748A19 /* ProductsVC.swift */; };
		FA4EEC09229DFF6500748A19 /* Product.swift in Sources */ = {isa = PBXBuildFile; fileRef = FA4EEC08229DFF6500748A19 /* Product.swift */; };
		FA4EEC0A229DFF6500748A19 /* Product.swift in Sources */ = {isa = PBXBuildFile; fileRef = FA4EEC08229DFF6500748A19 /* Product.swift */; };
		FA4EEC0D229E005C00748A19 /* ProductCell.swift in Sources */ = {isa = PBXBuildFile; fileRef = FA4EEC0B229E005C00748A19 /* ProductCell.swift */; };
		FA4EEC0E229E005C00748A19 /* ProductCell.swift in Sources */ = {isa = PBXBuildFile; fileRef = FA4EEC0B229E005C00748A19 /* ProductCell.swift */; };
		FA4EEC0F229E005C00748A19 /* ProductCell.xib in Resources */ = {isa = PBXBuildFile; fileRef = FA4EEC0C229E005C00748A19 /* ProductCell.xib */; };
		FA4EEC10229E005C00748A19 /* ProductCell.xib in Resources */ = {isa = PBXBuildFile; fileRef = FA4EEC0C229E005C00748A19 /* ProductCell.xib */; };
		FAB8C5A5233065C0008133CE /* Purchase.swift in Sources */ = {isa = PBXBuildFile; fileRef = FAB8C5A4233065C0008133CE /* Purchase.swift */; };
		FAB8C5A6233065C0008133CE /* Purchase.swift in Sources */ = {isa = PBXBuildFile; fileRef = FAB8C5A4233065C0008133CE /* Purchase.swift */; };
		FAB8C5A9233159C6008133CE /* PurchasesVC.swift in Sources */ = {isa = PBXBuildFile; fileRef = FAB8C5A8233159C6008133CE /* PurchasesVC.swift */; };
		FAB8C5AC23315A25008133CE /* PurchaseCell.swift in Sources */ = {isa = PBXBuildFile; fileRef = FAB8C5AA23315A25008133CE /* PurchaseCell.swift */; };
		FAB8C5AD23315A25008133CE /* PurchaseCell.xib in Resources */ = {isa = PBXBuildFile; fileRef = FAB8C5AB23315A25008133CE /* PurchaseCell.xib */; };
		FAB8C5B023348EC2008133CE /* PurchaseDetailsVC.swift in Sources */ = {isa = PBXBuildFile; fileRef = FAB8C5AE23348EC2008133CE /* PurchaseDetailsVC.swift */; };
		FAB8C5B123348EC2008133CE /* PurchaseDetailsVC.xib in Resources */ = {isa = PBXBuildFile; fileRef = FAB8C5AF23348EC2008133CE /* PurchaseDetailsVC.xib */; };
		FAB8C5B52335D860008133CE /* Animation.swift in Sources */ = {isa = PBXBuildFile; fileRef = FAB8C5B42335D860008133CE /* Animation.swift */; };
		FAB8C5B82335EEC4008133CE /* PurchasedProductCell.swift in Sources */ = {isa = PBXBuildFile; fileRef = FAB8C5B62335EEC4008133CE /* PurchasedProductCell.swift */; };
		FAB8C5B92335EEC4008133CE /* PurchasedProductCell.xib in Resources */ = {isa = PBXBuildFile; fileRef = FAB8C5B72335EEC4008133CE /* PurchasedProductCell.xib */; };
		FAC3AB6D22D2F59B0073CC6D /* AddEditCategoryVC.swift in Sources */ = {isa = PBXBuildFile; fileRef = FAC3AB6C22D2F59B0073CC6D /* AddEditCategoryVC.swift */; };
		FAC3AB7022D3DC870073CC6D /* AdminProductsVC.swift in Sources */ = {isa = PBXBuildFile; fileRef = FAC3AB6F22D3DC870073CC6D /* AdminProductsVC.swift */; };
		FAC3AB7222D3DFF60073CC6D /* AddEditProductsVC.swift in Sources */ = {isa = PBXBuildFile; fileRef = FAC3AB7122D3DFF60073CC6D /* AddEditProductsVC.swift */; };
		FAC3AB9222DF47730073CC6D /* User.swift in Sources */ = {isa = PBXBuildFile; fileRef = FAC3AB9122DF47730073CC6D /* User.swift */; };
		FAC3AB9522DF53AD0073CC6D /* UserService.swift in Sources */ = {isa = PBXBuildFile; fileRef = FAC3AB9422DF53AD0073CC6D /* UserService.swift */; };
		FAC3AB9722DF7FF20073CC6D /* FavoritesVC.swift in Sources */ = {isa = PBXBuildFile; fileRef = FAC3AB9622DF7FF20073CC6D /* FavoritesVC.swift */; };
		FAEDD04C23256D750037F8C0 /* CheckoutVC.swift in Sources */ = {isa = PBXBuildFile; fileRef = FAEDD04B23256D750037F8C0 /* CheckoutVC.swift */; };
		FAEDD04F232575DA0037F8C0 /* CartItemCell.swift in Sources */ = {isa = PBXBuildFile; fileRef = FAEDD04D232575DA0037F8C0 /* CartItemCell.swift */; };
		FAEDD050232575DA0037F8C0 /* CartItemCell.xib in Resources */ = {isa = PBXBuildFile; fileRef = FAEDD04E232575DA0037F8C0 /* CartItemCell.xib */; };
		FAEDD053232583A50037F8C0 /* StripeCart.swift in Sources */ = {isa = PBXBuildFile; fileRef = FAEDD052232583A50037F8C0 /* StripeCart.swift */; };
		FAEDD058232757750037F8C0 /* StripeAPI.swift in Sources */ = {isa = PBXBuildFile; fileRef = FAEDD057232757750037F8C0 /* StripeAPI.swift */; };
		FAEDD059232D6FF00037F8C0 /* StripeCart.swift in Sources */ = {isa = PBXBuildFile; fileRef = FAEDD052232583A50037F8C0 /* StripeCart.swift */; };
/* End PBXBuildFile section */

/* Begin PBXFileReference section */
		1D9C75F78E90890FEE087D22 /* Pods_printbeatAdmin.framework */ = {isa = PBXFileReference; explicitFileType = wrapper.framework; includeInIndex = 0; path = Pods_printbeatAdmin.framework; sourceTree = BUILT_PRODUCTS_DIR; };
		3484F32B6948F07D86B1962F /* Pods-printbeatAdmin.release.xcconfig */ = {isa = PBXFileReference; includeInIndex = 1; lastKnownFileType = text.xcconfig; name = "Pods-printbeatAdmin.release.xcconfig"; path = "Pods/Target Support Files/Pods-printbeatAdmin/Pods-printbeatAdmin.release.xcconfig"; sourceTree = "<group>"; };
		BCF25055704F1C0C9ED70B8F /* Pods_printbeat.framework */ = {isa = PBXFileReference; explicitFileType = wrapper.framework; includeInIndex = 0; path = Pods_printbeat.framework; sourceTree = BUILT_PRODUCTS_DIR; };
		C38EFF677FB092160BA3EF7B /* Pods-printbeat.release.xcconfig */ = {isa = PBXFileReference; includeInIndex = 1; lastKnownFileType = text.xcconfig; name = "Pods-printbeat.release.xcconfig"; path = "Pods/Target Support Files/Pods-printbeat/Pods-printbeat.release.xcconfig"; sourceTree = "<group>"; };
		CCC01F9C244AEF606EF97253 /* Pods-printbeat.debug.xcconfig */ = {isa = PBXFileReference; includeInIndex = 1; lastKnownFileType = text.xcconfig; name = "Pods-printbeat.debug.xcconfig"; path = "Pods/Target Support Files/Pods-printbeat/Pods-printbeat.debug.xcconfig"; sourceTree = "<group>"; };
		FA0AEE67229BAB10002227C1 /* printbeat.app */ = {isa = PBXFileReference; explicitFileType = wrapper.application; includeInIndex = 0; path = printbeat.app; sourceTree = BUILT_PRODUCTS_DIR; };
		FA0AEE6A229BAB10002227C1 /* AppDelegate.swift */ = {isa = PBXFileReference; lastKnownFileType = sourcecode.swift; path = AppDelegate.swift; sourceTree = "<group>"; };
		FA0AEE6C229BAB10002227C1 /* HomeVC.swift */ = {isa = PBXFileReference; lastKnownFileType = sourcecode.swift; path = HomeVC.swift; sourceTree = "<group>"; };
		FA0AEE6F229BAB10002227C1 /* Base */ = {isa = PBXFileReference; lastKnownFileType = file.storyboard; name = Base; path = Base.lproj/Main.storyboard; sourceTree = "<group>"; };
		FA0AEE71229BAB10002227C1 /* Assets.xcassets */ = {isa = PBXFileReference; lastKnownFileType = folder.assetcatalog; path = Assets.xcassets; sourceTree = "<group>"; };
		FA0AEE74229BAB10002227C1 /* Base */ = {isa = PBXFileReference; lastKnownFileType = file.storyboard; name = Base; path = Base.lproj/LaunchScreen.storyboard; sourceTree = "<group>"; };
		FA0AEE76229BAB10002227C1 /* Info.plist */ = {isa = PBXFileReference; lastKnownFileType = text.plist.xml; path = Info.plist; sourceTree = "<group>"; };
		FA0AEE80229BAB1B002227C1 /* printbeatAdmin.app */ = {isa = PBXFileReference; explicitFileType = wrapper.application; includeInIndex = 0; path = printbeatAdmin.app; sourceTree = BUILT_PRODUCTS_DIR; };
		FA0AEE82229BAB1B002227C1 /* AppDelegate.swift */ = {isa = PBXFileReference; lastKnownFileType = sourcecode.swift; path = AppDelegate.swift; sourceTree = "<group>"; };
		FA0AEE84229BAB1B002227C1 /* AdminHomeVC.swift */ = {isa = PBXFileReference; lastKnownFileType = sourcecode.swift; path = AdminHomeVC.swift; sourceTree = "<group>"; };
		FA0AEE87229BAB1B002227C1 /* Base */ = {isa = PBXFileReference; lastKnownFileType = file.storyboard; name = Base; path = Base.lproj/Main.storyboard; sourceTree = "<group>"; };
		FA0AEE8C229BAB1B002227C1 /* Base */ = {isa = PBXFileReference; lastKnownFileType = file.storyboard; name = Base; path = Base.lproj/LaunchScreen.storyboard; sourceTree = "<group>"; };
		FA0AEE8E229BAB1B002227C1 /* Info.plist */ = {isa = PBXFileReference; lastKnownFileType = text.plist.xml; path = Info.plist; sourceTree = "<group>"; };
		FA0AEE94229BAF09002227C1 /* Login.storyboard */ = {isa = PBXFileReference; lastKnownFileType = file.storyboard; path = Login.storyboard; sourceTree = "<group>"; };
		FA1EF59522A3AB31000B85A2 /* Firebase+Utils.swift */ = {isa = PBXFileReference; lastKnownFileType = sourcecode.swift; path = "Firebase+Utils.swift"; sourceTree = "<group>"; };
		FA1EF59922A3B412000B85A2 /* Remachine.ttf */ = {isa = PBXFileReference; lastKnownFileType = file; path = Remachine.ttf; sourceTree = "<group>"; };
		FA1EF5A222A4E990000B85A2 /* ProductDetailVC.swift */ = {isa = PBXFileReference; lastKnownFileType = sourcecode.swift; path = ProductDetailVC.swift; sourceTree = "<group>"; };
		FA1EF5A322A4E990000B85A2 /* ProductDetailVC.xib */ = {isa = PBXFileReference; lastKnownFileType = file.xib; path = ProductDetailVC.xib; sourceTree = "<group>"; };
		FA4EEBE2229BBE3400748A19 /* GoogleService-Info.plist */ = {isa = PBXFileReference; fileEncoding = 4; lastKnownFileType = text.plist.xml; path = "GoogleService-Info.plist"; sourceTree = "<group>"; };
		FA4EEBE4229BBFD600748A19 /* GoogleService-Info.plist */ = {isa = PBXFileReference; fileEncoding = 4; lastKnownFileType = text.plist.xml; path = "GoogleService-Info.plist"; sourceTree = "<group>"; };
		FA4EEBEA229BC70800748A19 /* LoginVC.swift */ = {isa = PBXFileReference; lastKnownFileType = sourcecode.swift; path = LoginVC.swift; sourceTree = "<group>"; };
		FA4EEBEC229BC71600748A19 /* RegisterVC.swift */ = {isa = PBXFileReference; lastKnownFileType = sourcecode.swift; path = RegisterVC.swift; sourceTree = "<group>"; };
		FA4EEBEF229C999700748A19 /* Constants.swift */ = {isa = PBXFileReference; lastKnownFileType = sourcecode.swift; path = Constants.swift; sourceTree = "<group>"; };
		FA4EEBF1229C9E0600748A19 /* RoundedViews.swift */ = {isa = PBXFileReference; lastKnownFileType = sourcecode.swift; path = RoundedViews.swift; sourceTree = "<group>"; };
		FA4EEBF3229CE38900748A19 /* Extensions.swift */ = {isa = PBXFileReference; lastKnownFileType = sourcecode.swift; path = Extensions.swift; sourceTree = "<group>"; };
		FA4EEBF6229CF08200748A19 /* ForgotPasswordVC.swift */ = {isa = PBXFileReference; lastKnownFileType = sourcecode.swift; path = ForgotPasswordVC.swift; sourceTree = "<group>"; };
		FA4EEBF7229CF08200748A19 /* ForgotPasswordVC.xib */ = {isa = PBXFileReference; lastKnownFileType = file.xib; path = ForgotPasswordVC.xib; sourceTree = "<group>"; };
		FA4EEBFA229D205400748A19 /* Category.swift */ = {isa = PBXFileReference; lastKnownFileType = sourcecode.swift; path = Category.swift; sourceTree = "<group>"; };
		FA4EEBFD229D218C00748A19 /* CategoryCell.swift */ = {isa = PBXFileReference; lastKnownFileType = sourcecode.swift; path = CategoryCell.swift; sourceTree = "<group>"; };
		FA4EEBFE229D218C00748A19 /* CategoryCell.xib */ = {isa = PBXFileReference; lastKnownFileType = file.xib; path = CategoryCell.xib; sourceTree = "<group>"; };
		FA4EEC04229DFEE900748A19 /* ProductsVC.swift */ = {isa = PBXFileReference; lastKnownFileType = sourcecode.swift; path = ProductsVC.swift; sourceTree = "<group>"; };
		FA4EEC08229DFF6500748A19 /* Product.swift */ = {isa = PBXFileReference; lastKnownFileType = sourcecode.swift; path = Product.swift; sourceTree = "<group>"; };
		FA4EEC0B229E005C00748A19 /* ProductCell.swift */ = {isa = PBXFileReference; lastKnownFileType = sourcecode.swift; path = ProductCell.swift; sourceTree = "<group>"; };
		FA4EEC0C229E005C00748A19 /* ProductCell.xib */ = {isa = PBXFileReference; lastKnownFileType = file.xib; path = ProductCell.xib; sourceTree = "<group>"; };
		FAB8C5A4233065C0008133CE /* Purchase.swift */ = {isa = PBXFileReference; lastKnownFileType = sourcecode.swift; path = Purchase.swift; sourceTree = "<group>"; };
		FAB8C5A8233159C6008133CE /* PurchasesVC.swift */ = {isa = PBXFileReference; lastKnownFileType = sourcecode.swift; path = PurchasesVC.swift; sourceTree = "<group>"; };
		FAB8C5AA23315A25008133CE /* PurchaseCell.swift */ = {isa = PBXFileReference; lastKnownFileType = sourcecode.swift; path = PurchaseCell.swift; sourceTree = "<group>"; };
		FAB8C5AB23315A25008133CE /* PurchaseCell.xib */ = {isa = PBXFileReference; lastKnownFileType = file.xib; path = PurchaseCell.xib; sourceTree = "<group>"; };
		FAB8C5AE23348EC2008133CE /* PurchaseDetailsVC.swift */ = {isa = PBXFileReference; lastKnownFileType = sourcecode.swift; path = PurchaseDetailsVC.swift; sourceTree = "<group>"; };
		FAB8C5AF23348EC2008133CE /* PurchaseDetailsVC.xib */ = {isa = PBXFileReference; lastKnownFileType = file.xib; path = PurchaseDetailsVC.xib; sourceTree = "<group>"; };
		FAB8C5B42335D860008133CE /* Animation.swift */ = {isa = PBXFileReference; lastKnownFileType = sourcecode.swift; path = Animation.swift; sourceTree = "<group>"; };
		FAB8C5B62335EEC4008133CE /* PurchasedProductCell.swift */ = {isa = PBXFileReference; lastKnownFileType = sourcecode.swift; path = PurchasedProductCell.swift; sourceTree = "<group>"; };
		FAB8C5B72335EEC4008133CE /* PurchasedProductCell.xib */ = {isa = PBXFileReference; lastKnownFileType = file.xib; path = PurchasedProductCell.xib; sourceTree = "<group>"; };
		FAC3AB6C22D2F59B0073CC6D /* AddEditCategoryVC.swift */ = {isa = PBXFileReference; lastKnownFileType = sourcecode.swift; path = AddEditCategoryVC.swift; sourceTree = "<group>"; };
		FAC3AB6F22D3DC870073CC6D /* AdminProductsVC.swift */ = {isa = PBXFileReference; lastKnownFileType = sourcecode.swift; path = AdminProductsVC.swift; sourceTree = "<group>"; };
		FAC3AB7122D3DFF60073CC6D /* AddEditProductsVC.swift */ = {isa = PBXFileReference; lastKnownFileType = sourcecode.swift; path = AddEditProductsVC.swift; sourceTree = "<group>"; };
		FAC3AB9122DF47730073CC6D /* User.swift */ = {isa = PBXFileReference; lastKnownFileType = sourcecode.swift; path = User.swift; sourceTree = "<group>"; };
		FAC3AB9422DF53AD0073CC6D /* UserService.swift */ = {isa = PBXFileReference; lastKnownFileType = sourcecode.swift; path = UserService.swift; sourceTree = "<group>"; };
		FAC3AB9622DF7FF20073CC6D /* FavoritesVC.swift */ = {isa = PBXFileReference; lastKnownFileType = sourcecode.swift; path = FavoritesVC.swift; sourceTree = "<group>"; };
		FAEDD04B23256D750037F8C0 /* CheckoutVC.swift */ = {isa = PBXFileReference; lastKnownFileType = sourcecode.swift; path = CheckoutVC.swift; sourceTree = "<group>"; };
		FAEDD04D232575DA0037F8C0 /* CartItemCell.swift */ = {isa = PBXFileReference; lastKnownFileType = sourcecode.swift; path = CartItemCell.swift; sourceTree = "<group>"; };
		FAEDD04E232575DA0037F8C0 /* CartItemCell.xib */ = {isa = PBXFileReference; lastKnownFileType = file.xib; path = CartItemCell.xib; sourceTree = "<group>"; };
		FAEDD052232583A50037F8C0 /* StripeCart.swift */ = {isa = PBXFileReference; lastKnownFileType = sourcecode.swift; path = StripeCart.swift; sourceTree = "<group>"; };
		FAEDD057232757750037F8C0 /* StripeAPI.swift */ = {isa = PBXFileReference; lastKnownFileType = sourcecode.swift; path = StripeAPI.swift; sourceTree = "<group>"; };
		FD4B8B5C76EDA5F9944B84C3 /* Pods-printbeatAdmin.debug.xcconfig */ = {isa = PBXFileReference; includeInIndex = 1; lastKnownFileType = text.xcconfig; name = "Pods-printbeatAdmin.debug.xcconfig"; path = "Pods/Target Support Files/Pods-printbeatAdmin/Pods-printbeatAdmin.debug.xcconfig"; sourceTree = "<group>"; };
/* End PBXFileReference section */

/* Begin PBXFrameworksBuildPhase section */
		FA0AEE64229BAB10002227C1 /* Frameworks */ = {
			isa = PBXFrameworksBuildPhase;
			buildActionMask = 2147483647;
			files = (
				F3A45FAEDD84571ADCEA202E /* Pods_printbeat.framework in Frameworks */,
			);
			runOnlyForDeploymentPostprocessing = 0;
		};
		FA0AEE7D229BAB1B002227C1 /* Frameworks */ = {
			isa = PBXFrameworksBuildPhase;
			buildActionMask = 2147483647;
			files = (
				D3BC38CBA49CAD0913D687AE /* Pods_printbeatAdmin.framework in Frameworks */,
			);
			runOnlyForDeploymentPostprocessing = 0;
		};
/* End PBXFrameworksBuildPhase section */

/* Begin PBXGroup section */
		27A66FAC922DFBE9369C229B /* Pods */ = {
			isa = PBXGroup;
			children = (
				CCC01F9C244AEF606EF97253 /* Pods-printbeat.debug.xcconfig */,
				C38EFF677FB092160BA3EF7B /* Pods-printbeat.release.xcconfig */,
				FD4B8B5C76EDA5F9944B84C3 /* Pods-printbeatAdmin.debug.xcconfig */,
				3484F32B6948F07D86B1962F /* Pods-printbeatAdmin.release.xcconfig */,
			);
			name = Pods;
			sourceTree = "<group>";
		};
		703AFB356105A64EAD191B67 /* Frameworks */ = {
			isa = PBXGroup;
			children = (
				BCF25055704F1C0C9ED70B8F /* Pods_printbeat.framework */,
				1D9C75F78E90890FEE087D22 /* Pods_printbeatAdmin.framework */,
			);
			name = Frameworks;
			sourceTree = "<group>";
		};
		FA0AEE5E229BAB10002227C1 = {
			isa = PBXGroup;
			children = (
				FA0AEE92229BAB9A002227C1 /* Shared */,
				FA4EEBF5229CF05900748A19 /* XIBs */,
				FA0AEE69229BAB10002227C1 /* printbeat */,
				FA0AEE81229BAB1B002227C1 /* printbeatAdmin */,
				FA0AEE68229BAB10002227C1 /* Products */,
				FA1EF59822A3B3C0000B85A2 /* Fonts */,
				27A66FAC922DFBE9369C229B /* Pods */,
				703AFB356105A64EAD191B67 /* Frameworks */,
			);
			sourceTree = "<group>";
		};
		FA0AEE68229BAB10002227C1 /* Products */ = {
			isa = PBXGroup;
			children = (
				FA0AEE67229BAB10002227C1 /* printbeat.app */,
				FA0AEE80229BAB1B002227C1 /* printbeatAdmin.app */,
			);
			name = Products;
			sourceTree = "<group>";
		};
		FA0AEE69229BAB10002227C1 /* printbeat */ = {
			isa = PBXGroup;
			children = (
				FAEDD051232583920037F8C0 /* Stripe */,
				FAC3AB9322DF53990073CC6D /* Services */,
				FA4EEBE6229BC67E00748A19 /* Controller */,
				FA4EEBE9229BC69400748A19 /* Storyboards */,
				FA0AEE6A229BAB10002227C1 /* AppDelegate.swift */,
				FA4EEBE2229BBE3400748A19 /* GoogleService-Info.plist */,
				FA0AEE76229BAB10002227C1 /* Info.plist */,
			);
			path = printbeat;
			sourceTree = "<group>";
		};
		FA0AEE81229BAB1B002227C1 /* printbeatAdmin */ = {
			isa = PBXGroup;
			children = (
				FAB8C5A723315999008133CE /* XIBs */,
				FAC3AB6E22D2F5B90073CC6D /* Controller */,
				FA0AEE82229BAB1B002227C1 /* AppDelegate.swift */,
				FA0AEE86229BAB1B002227C1 /* Main.storyboard */,
				FA0AEE8B229BAB1B002227C1 /* LaunchScreen.storyboard */,
				FA4EEBE4229BBFD600748A19 /* GoogleService-Info.plist */,
				FA0AEE8E229BAB1B002227C1 /* Info.plist */,
			);
			path = printbeatAdmin;
			sourceTree = "<group>";
		};
		FA0AEE92229BAB9A002227C1 /* Shared */ = {
			isa = PBXGroup;
			children = (
				FA4EEBEE229C998700748A19 /* Utils */,
				FA4EEC03229D21AA00748A19 /* XIBs */,
				FA0AEE71229BAB10002227C1 /* Assets.xcassets */,
				FA4EEBE7229BC68B00748A19 /* View */,
				FA4EEBE8229BC69000748A19 /* Model */,
			);
			path = Shared;
			sourceTree = "<group>";
		};
		FA1EF59822A3B3C0000B85A2 /* Fonts */ = {
			isa = PBXGroup;
			children = (
				FA1EF59922A3B412000B85A2 /* Remachine.ttf */,
			);
			path = Fonts;
			sourceTree = "<group>";
		};
		FA4EEBE6229BC67E00748A19 /* Controller */ = {
			isa = PBXGroup;
			children = (
				FA0AEE6C229BAB10002227C1 /* HomeVC.swift */,
				FA4EEC04229DFEE900748A19 /* ProductsVC.swift */,
				FA4EEBEA229BC70800748A19 /* LoginVC.swift */,
				FA4EEBEC229BC71600748A19 /* RegisterVC.swift */,
				FAC3AB9622DF7FF20073CC6D /* FavoritesVC.swift */,
				FAEDD04B23256D750037F8C0 /* CheckoutVC.swift */,
			);
			path = Controller;
			sourceTree = "<group>";
		};
		FA4EEBE7229BC68B00748A19 /* View */ = {
			isa = PBXGroup;
			children = (
				FA4EEBF1229C9E0600748A19 /* RoundedViews.swift */,
				FA4EEBFD229D218C00748A19 /* CategoryCell.swift */,
				FA4EEC0B229E005C00748A19 /* ProductCell.swift */,
				FAEDD04D232575DA0037F8C0 /* CartItemCell.swift */,
			);
			path = View;
			sourceTree = "<group>";
		};
		FA4EEBE8229BC69000748A19 /* Model */ = {
			isa = PBXGroup;
			children = (
				FA4EEBFA229D205400748A19 /* Category.swift */,
				FA4EEC08229DFF6500748A19 /* Product.swift */,
				FAC3AB9122DF47730073CC6D /* User.swift */,
				FAB8C5A4233065C0008133CE /* Purchase.swift */,
			);
			path = Model;
			sourceTree = "<group>";
		};
		FA4EEBE9229BC69400748A19 /* Storyboards */ = {
			isa = PBXGroup;
			children = (
				FA0AEE94229BAF09002227C1 /* Login.storyboard */,
				FA0AEE6E229BAB10002227C1 /* Main.storyboard */,
				FA0AEE73229BAB10002227C1 /* LaunchScreen.storyboard */,
			);
			path = Storyboards;
			sourceTree = "<group>";
		};
		FA4EEBEE229C998700748A19 /* Utils */ = {
			isa = PBXGroup;
			children = (
				FA4EEBEF229C999700748A19 /* Constants.swift */,
				FA4EEBF3229CE38900748A19 /* Extensions.swift */,
				FA1EF59522A3AB31000B85A2 /* Firebase+Utils.swift */,
			);
			path = Utils;
			sourceTree = "<group>";
		};
		FA4EEBF5229CF05900748A19 /* XIBs */ = {
			isa = PBXGroup;
			children = (
				FA4EEBF6229CF08200748A19 /* ForgotPasswordVC.swift */,
				FA4EEBF7229CF08200748A19 /* ForgotPasswordVC.xib */,
				FA1EF5A222A4E990000B85A2 /* ProductDetailVC.swift */,
				FA1EF5A322A4E990000B85A2 /* ProductDetailVC.xib */,
			);
			path = XIBs;
			sourceTree = "<group>";
		};
		FA4EEC03229D21AA00748A19 /* XIBs */ = {
			isa = PBXGroup;
			children = (
				FA4EEC0C229E005C00748A19 /* ProductCell.xib */,
				FA4EEBFE229D218C00748A19 /* CategoryCell.xib */,
				FAEDD04E232575DA0037F8C0 /* CartItemCell.xib */,
			);
			path = XIBs;
			sourceTree = "<group>";
		};
		FAB8C5A723315999008133CE /* XIBs */ = {
			isa = PBXGroup;
			children = (
				FAB8C5B72335EEC4008133CE /* PurchasedProductCell.xib */,
				FAB8C5AB23315A25008133CE /* PurchaseCell.xib */,
				FAB8C5AF23348EC2008133CE /* PurchaseDetailsVC.xib */,
				FAB8C5AA23315A25008133CE /* PurchaseCell.swift */,
				FAB8C5AE23348EC2008133CE /* PurchaseDetailsVC.swift */,
				FAB8C5B62335EEC4008133CE /* PurchasedProductCell.swift */,
			);
			path = XIBs;
			sourceTree = "<group>";
		};
		FAC3AB6E22D2F5B90073CC6D /* Controller */ = {
			isa = PBXGroup;
			children = (
				FA0AEE84229BAB1B002227C1 /* AdminHomeVC.swift */,
				FAC3AB6F22D3DC870073CC6D /* AdminProductsVC.swift */,
				FAC3AB6C22D2F59B0073CC6D /* AddEditCategoryVC.swift */,
				FAC3AB7122D3DFF60073CC6D /* AddEditProductsVC.swift */,
				FAB8C5A8233159C6008133CE /* PurchasesVC.swift */,
				FAB8C5B42335D860008133CE /* Animation.swift */,
			);
			path = Controller;
			sourceTree = "<group>";
		};
		FAC3AB9322DF53990073CC6D /* Services */ = {
			isa = PBXGroup;
			children = (
				FAC3AB9422DF53AD0073CC6D /* UserService.swift */,
			);
			path = Services;
			sourceTree = "<group>";
		};
		FAEDD051232583920037F8C0 /* Stripe */ = {
			isa = PBXGroup;
			children = (
				FAEDD052232583A50037F8C0 /* StripeCart.swift */,
				FAEDD057232757750037F8C0 /* StripeAPI.swift */,
			);
			path = Stripe;
			sourceTree = "<group>";
		};
/* End PBXGroup section */

/* Begin PBXNativeTarget section */
		FA0AEE66229BAB10002227C1 /* printbeat */ = {
			isa = PBXNativeTarget;
			buildConfigurationList = FA0AEE79229BAB10002227C1 /* Build configuration list for PBXNativeTarget "printbeat" */;
			buildPhases = (
				E40223C2524FAA57B051108F /* [CP] Check Pods Manifest.lock */,
				FA0AEE63229BAB10002227C1 /* Sources */,
				FA0AEE64229BAB10002227C1 /* Frameworks */,
				FA0AEE65229BAB10002227C1 /* Resources */,
				4A0C76F743E755F0D6906216 /* [CP] Embed Pods Frameworks */,
			);
			buildRules = (
			);
			dependencies = (
			);
			name = printbeat;
			productName = printbeat;
			productReference = FA0AEE67229BAB10002227C1 /* printbeat.app */;
			productType = "com.apple.product-type.application";
		};
		FA0AEE7F229BAB1B002227C1 /* printbeatAdmin */ = {
			isa = PBXNativeTarget;
			buildConfigurationList = FA0AEE8F229BAB1B002227C1 /* Build configuration list for PBXNativeTarget "printbeatAdmin" */;
			buildPhases = (
				654FFA65646C888EB5B20336 /* [CP] Check Pods Manifest.lock */,
				FA0AEE7C229BAB1B002227C1 /* Sources */,
				FA0AEE7D229BAB1B002227C1 /* Frameworks */,
				FA0AEE7E229BAB1B002227C1 /* Resources */,
				398B5A6553D8542D6D5F7786 /* [CP] Embed Pods Frameworks */,
			);
			buildRules = (
			);
			dependencies = (
			);
			name = printbeatAdmin;
			productName = printbeatAdmin;
			productReference = FA0AEE80229BAB1B002227C1 /* printbeatAdmin.app */;
			productType = "com.apple.product-type.application";
		};
/* End PBXNativeTarget section */

/* Begin PBXProject section */
		FA0AEE5F229BAB10002227C1 /* Project object */ = {
			isa = PBXProject;
			attributes = {
				LastSwiftUpdateCheck = 1020;
				LastUpgradeCheck = 1020;
				ORGANIZATIONNAME = "Alex Vozniuk";
				TargetAttributes = {
					FA0AEE66229BAB10002227C1 = {
						CreatedOnToolsVersion = 10.2;
					};
					FA0AEE7F229BAB1B002227C1 = {
						CreatedOnToolsVersion = 10.2;
					};
				};
			};
			buildConfigurationList = FA0AEE62229BAB10002227C1 /* Build configuration list for PBXProject "printbeat" */;
			compatibilityVersion = "Xcode 9.3";
			developmentRegion = en;
			hasScannedForEncodings = 0;
			knownRegions = (
				en,
				Base,
			);
			mainGroup = FA0AEE5E229BAB10002227C1;
			productRefGroup = FA0AEE68229BAB10002227C1 /* Products */;
			projectDirPath = "";
			projectRoot = "";
			targets = (
				FA0AEE66229BAB10002227C1 /* printbeat */,
				FA0AEE7F229BAB1B002227C1 /* printbeatAdmin */,
			);
		};
/* End PBXProject section */

/* Begin PBXResourcesBuildPhase section */
		FA0AEE65229BAB10002227C1 /* Resources */ = {
			isa = PBXResourcesBuildPhase;
			buildActionMask = 2147483647;
			files = (
				FA4EEBE3229BBE3400748A19 /* GoogleService-Info.plist in Resources */,
				FA4EEC0F229E005C00748A19 /* ProductCell.xib in Resources */,
				FA1EF59A22A3B412000B85A2 /* Remachine.ttf in Resources */,
				FA1EF5A622A4E990000B85A2 /* ProductDetailVC.xib in Resources */,
				FAEDD050232575DA0037F8C0 /* CartItemCell.xib in Resources */,
				FA4EEC01229D218C00748A19 /* CategoryCell.xib in Resources */,
				FA0AEE95229BAF09002227C1 /* Login.storyboard in Resources */,
				FA0AEE75229BAB10002227C1 /* LaunchScreen.storyboard in Resources */,
				FA0AEE72229BAB10002227C1 /* Assets.xcassets in Resources */,
				FA4EEBF9229CF08200748A19 /* ForgotPasswordVC.xib in Resources */,
				FA0AEE70229BAB10002227C1 /* Main.storyboard in Resources */,
			);
			runOnlyForDeploymentPostprocessing = 0;
		};
		FA0AEE7E229BAB1B002227C1 /* Resources */ = {
			isa = PBXResourcesBuildPhase;
			buildActionMask = 2147483647;
			files = (
				FAB8C5B123348EC2008133CE /* PurchaseDetailsVC.xib in Resources */,
				FA4EEC02229D218C00748A19 /* CategoryCell.xib in Resources */,
				FA1EF5A722A4E990000B85A2 /* ProductDetailVC.xib in Resources */,
				FAB8C5B92335EEC4008133CE /* PurchasedProductCell.xib in Resources */,
				FA0AEE8D229BAB1B002227C1 /* LaunchScreen.storyboard in Resources */,
				FA0AEE93229BABBD002227C1 /* Assets.xcassets in Resources */,
				FA1EF59B22A3B412000B85A2 /* Remachine.ttf in Resources */,
				FA4EEC10229E005C00748A19 /* ProductCell.xib in Resources */,
				FA0AEE88229BAB1B002227C1 /* Main.storyboard in Resources */,
				FAB8C5AD23315A25008133CE /* PurchaseCell.xib in Resources */,
				FA4EEBE5229BBFD600748A19 /* GoogleService-Info.plist in Resources */,
			);
			runOnlyForDeploymentPostprocessing = 0;
		};
/* End PBXResourcesBuildPhase section */

/* Begin PBXShellScriptBuildPhase section */
		398B5A6553D8542D6D5F7786 /* [CP] Embed Pods Frameworks */ = {
			isa = PBXShellScriptBuildPhase;
			buildActionMask = 2147483647;
			files = (
			);
			inputPaths = (
				"${SRCROOT}/Pods/Target Support Files/Pods-printbeatAdmin/Pods-printbeatAdmin-frameworks.sh",
				"${BUILT_PRODUCTS_DIR}/BoringSSL-GRPC/openssl_grpc.framework",
				"${BUILT_PRODUCTS_DIR}/CodableFirebase/CodableFirebase.framework",
				"${BUILT_PRODUCTS_DIR}/GTMSessionFetcher/GTMSessionFetcher.framework",
				"${BUILT_PRODUCTS_DIR}/GoogleUtilities/GoogleUtilities.framework",
				"${BUILT_PRODUCTS_DIR}/IQKeyboardManagerSwift/IQKeyboardManagerSwift.framework",
				"${BUILT_PRODUCTS_DIR}/Kingfisher/Kingfisher.framework",
				"${BUILT_PRODUCTS_DIR}/Protobuf/Protobuf.framework",
				"${BUILT_PRODUCTS_DIR}/gRPC-C++/grpcpp.framework",
				"${BUILT_PRODUCTS_DIR}/gRPC-Core/grpc.framework",
				"${BUILT_PRODUCTS_DIR}/leveldb-library/leveldb.framework",
				"${BUILT_PRODUCTS_DIR}/nanopb/nanopb.framework",
			);
			name = "[CP] Embed Pods Frameworks";
			outputPaths = (
				"${TARGET_BUILD_DIR}/${FRAMEWORKS_FOLDER_PATH}/openssl_grpc.framework",
				"${TARGET_BUILD_DIR}/${FRAMEWORKS_FOLDER_PATH}/CodableFirebase.framework",
				"${TARGET_BUILD_DIR}/${FRAMEWORKS_FOLDER_PATH}/GTMSessionFetcher.framework",
				"${TARGET_BUILD_DIR}/${FRAMEWORKS_FOLDER_PATH}/GoogleUtilities.framework",
				"${TARGET_BUILD_DIR}/${FRAMEWORKS_FOLDER_PATH}/IQKeyboardManagerSwift.framework",
				"${TARGET_BUILD_DIR}/${FRAMEWORKS_FOLDER_PATH}/Kingfisher.framework",
				"${TARGET_BUILD_DIR}/${FRAMEWORKS_FOLDER_PATH}/Protobuf.framework",
				"${TARGET_BUILD_DIR}/${FRAMEWORKS_FOLDER_PATH}/grpcpp.framework",
				"${TARGET_BUILD_DIR}/${FRAMEWORKS_FOLDER_PATH}/grpc.framework",
				"${TARGET_BUILD_DIR}/${FRAMEWORKS_FOLDER_PATH}/leveldb.framework",
				"${TARGET_BUILD_DIR}/${FRAMEWORKS_FOLDER_PATH}/nanopb.framework",
			);
			runOnlyForDeploymentPostprocessing = 0;
			shellPath = /bin/sh;
			shellScript = "\"${SRCROOT}/Pods/Target Support Files/Pods-printbeatAdmin/Pods-printbeatAdmin-frameworks.sh\"\n";
			showEnvVarsInLog = 0;
		};
		4A0C76F743E755F0D6906216 /* [CP] Embed Pods Frameworks */ = {
			isa = PBXShellScriptBuildPhase;
			buildActionMask = 2147483647;
			files = (
			);
			inputPaths = (
				"${SRCROOT}/Pods/Target Support Files/Pods-printbeat/Pods-printbeat-frameworks.sh",
				"${BUILT_PRODUCTS_DIR}/Alamofire/Alamofire.framework",
				"${BUILT_PRODUCTS_DIR}/BoringSSL-GRPC/openssl_grpc.framework",
				"${BUILT_PRODUCTS_DIR}/CodableFirebase/CodableFirebase.framework",
				"${BUILT_PRODUCTS_DIR}/GTMSessionFetcher/GTMSessionFetcher.framework",
				"${BUILT_PRODUCTS_DIR}/GoogleUtilities/GoogleUtilities.framework",
				"${BUILT_PRODUCTS_DIR}/IQKeyboardManagerSwift/IQKeyboardManagerSwift.framework",
				"${BUILT_PRODUCTS_DIR}/Kingfisher/Kingfisher.framework",
				"${BUILT_PRODUCTS_DIR}/Protobuf/Protobuf.framework",
				"${BUILT_PRODUCTS_DIR}/Stripe/Stripe.framework",
				"${BUILT_PRODUCTS_DIR}/gRPC-C++/grpcpp.framework",
				"${BUILT_PRODUCTS_DIR}/gRPC-Core/grpc.framework",
				"${BUILT_PRODUCTS_DIR}/leveldb-library/leveldb.framework",
				"${BUILT_PRODUCTS_DIR}/nanopb/nanopb.framework",
			);
			name = "[CP] Embed Pods Frameworks";
			outputPaths = (
				"${TARGET_BUILD_DIR}/${FRAMEWORKS_FOLDER_PATH}/Alamofire.framework",
				"${TARGET_BUILD_DIR}/${FRAMEWORKS_FOLDER_PATH}/openssl_grpc.framework",
				"${TARGET_BUILD_DIR}/${FRAMEWORKS_FOLDER_PATH}/CodableFirebase.framework",
				"${TARGET_BUILD_DIR}/${FRAMEWORKS_FOLDER_PATH}/GTMSessionFetcher.framework",
				"${TARGET_BUILD_DIR}/${FRAMEWORKS_FOLDER_PATH}/GoogleUtilities.framework",
				"${TARGET_BUILD_DIR}/${FRAMEWORKS_FOLDER_PATH}/IQKeyboardManagerSwift.framework",
				"${TARGET_BUILD_DIR}/${FRAMEWORKS_FOLDER_PATH}/Kingfisher.framework",
				"${TARGET_BUILD_DIR}/${FRAMEWORKS_FOLDER_PATH}/Protobuf.framework",
				"${TARGET_BUILD_DIR}/${FRAMEWORKS_FOLDER_PATH}/Stripe.framework",
				"${TARGET_BUILD_DIR}/${FRAMEWORKS_FOLDER_PATH}/grpcpp.framework",
				"${TARGET_BUILD_DIR}/${FRAMEWORKS_FOLDER_PATH}/grpc.framework",
				"${TARGET_BUILD_DIR}/${FRAMEWORKS_FOLDER_PATH}/leveldb.framework",
				"${TARGET_BUILD_DIR}/${FRAMEWORKS_FOLDER_PATH}/nanopb.framework",
			);
			runOnlyForDeploymentPostprocessing = 0;
			shellPath = /bin/sh;
			shellScript = "\"${SRCROOT}/Pods/Target Support Files/Pods-printbeat/Pods-printbeat-frameworks.sh\"\n";
			showEnvVarsInLog = 0;
		};
		654FFA65646C888EB5B20336 /* [CP] Check Pods Manifest.lock */ = {
			isa = PBXShellScriptBuildPhase;
			buildActionMask = 2147483647;
			files = (
			);
			inputPaths = (
				"${PODS_PODFILE_DIR_PATH}/Podfile.lock",
				"${PODS_ROOT}/Manifest.lock",
			);
			name = "[CP] Check Pods Manifest.lock";
			outputPaths = (
				"$(DERIVED_FILE_DIR)/Pods-printbeatAdmin-checkManifestLockResult.txt",
			);
			runOnlyForDeploymentPostprocessing = 0;
			shellPath = /bin/sh;
			shellScript = "diff \"${PODS_PODFILE_DIR_PATH}/Podfile.lock\" \"${PODS_ROOT}/Manifest.lock\" > /dev/null\nif [ $? != 0 ] ; then\n    # print error to STDERR\n    echo \"error: The sandbox is not in sync with the Podfile.lock. Run 'pod install' or update your CocoaPods installation.\" >&2\n    exit 1\nfi\n# This output is used by Xcode 'outputs' to avoid re-running this script phase.\necho \"SUCCESS\" > \"${SCRIPT_OUTPUT_FILE_0}\"\n";
			showEnvVarsInLog = 0;
		};
		E40223C2524FAA57B051108F /* [CP] Check Pods Manifest.lock */ = {
			isa = PBXShellScriptBuildPhase;
			buildActionMask = 2147483647;
			files = (
			);
			inputPaths = (
				"${PODS_PODFILE_DIR_PATH}/Podfile.lock",
				"${PODS_ROOT}/Manifest.lock",
			);
			name = "[CP] Check Pods Manifest.lock";
			outputPaths = (
				"$(DERIVED_FILE_DIR)/Pods-printbeat-checkManifestLockResult.txt",
			);
			runOnlyForDeploymentPostprocessing = 0;
			shellPath = /bin/sh;
			shellScript = "diff \"${PODS_PODFILE_DIR_PATH}/Podfile.lock\" \"${PODS_ROOT}/Manifest.lock\" > /dev/null\nif [ $? != 0 ] ; then\n    # print error to STDERR\n    echo \"error: The sandbox is not in sync with the Podfile.lock. Run 'pod install' or update your CocoaPods installation.\" >&2\n    exit 1\nfi\n# This output is used by Xcode 'outputs' to avoid re-running this script phase.\necho \"SUCCESS\" > \"${SCRIPT_OUTPUT_FILE_0}\"\n";
			showEnvVarsInLog = 0;
		};
/* End PBXShellScriptBuildPhase section */

/* Begin PBXSourcesBuildPhase section */
		FA0AEE63229BAB10002227C1 /* Sources */ = {
			isa = PBXSourcesBuildPhase;
			buildActionMask = 2147483647;
			files = (
				FAEDD04C23256D750037F8C0 /* CheckoutVC.swift in Sources */,
				FA4EEBF2229C9E0600748A19 /* RoundedViews.swift in Sources */,
				FAEDD04F232575DA0037F8C0 /* CartItemCell.swift in Sources */,
				FA1EF5A422A4E990000B85A2 /* ProductDetailVC.swift in Sources */,
				FA4EEBF0229C999700748A19 /* Constants.swift in Sources */,
				FAB8C5A5233065C0008133CE /* Purchase.swift in Sources */,
				FA4EEC05229DFEE900748A19 /* ProductsVC.swift in Sources */,
				FAC3AB9222DF47730073CC6D /* User.swift in Sources */,
				FA0AEE6D229BAB10002227C1 /* HomeVC.swift in Sources */,
				FAC3AB9522DF53AD0073CC6D /* UserService.swift in Sources */,
				FA4EEC0D229E005C00748A19 /* ProductCell.swift in Sources */,
				FA4EEBED229BC71600748A19 /* RegisterVC.swift in Sources */,
				FA4EEC09229DFF6500748A19 /* Product.swift in Sources */,
				FA0AEE6B229BAB10002227C1 /* AppDelegate.swift in Sources */,
				FA4EEBFB229D205400748A19 /* Category.swift in Sources */,
				FA4EEBEB229BC70800748A19 /* LoginVC.swift in Sources */,
				FA4EEBF8229CF08200748A19 /* ForgotPasswordVC.swift in Sources */,
				FAC3AB9722DF7FF20073CC6D /* FavoritesVC.swift in Sources */,
				FA4EEBF4229CE38900748A19 /* Extensions.swift in Sources */,
				FAEDD053232583A50037F8C0 /* StripeCart.swift in Sources */,
				FA1EF59622A3AB31000B85A2 /* Firebase+Utils.swift in Sources */,
				FA4EEBFF229D218C00748A19 /* CategoryCell.swift in Sources */,
				FAEDD058232757750037F8C0 /* StripeAPI.swift in Sources */,
			);
			runOnlyForDeploymentPostprocessing = 0;
		};
		FA0AEE7C229BAB1B002227C1 /* Sources */ = {
			isa = PBXSourcesBuildPhase;
			buildActionMask = 2147483647;
			files = (
				FA4EEC07229DFEF100748A19 /* ProductsVC.swift in Sources */,
				FA1EF5AA22A4FAFF000B85A2 /* Constants.swift in Sources */,
				FA0AEE85229BAB1B002227C1 /* AdminHomeVC.swift in Sources */,
				FA1EF5A922A4FAA9000B85A2 /* RoundedViews.swift in Sources */,
				FA1EF5AC22A4FB04000B85A2 /* Firebase+Utils.swift in Sources */,
				FA0AEE83229BAB1B002227C1 /* AppDelegate.swift in Sources */,
				FA0986192324151E0089B3EC /* UserService.swift in Sources */,
				FA1EF5A822A4F9A4000B85A2 /* HomeVC.swift in Sources */,
				FAEDD059232D6FF00037F8C0 /* StripeCart.swift in Sources */,
				FAB8C5B023348EC2008133CE /* PurchaseDetailsVC.swift in Sources */,
				FAB8C5B82335EEC4008133CE /* PurchasedProductCell.swift in Sources */,
				FAB8C5B52335D860008133CE /* Animation.swift in Sources */,
				FAC3AB7022D3DC870073CC6D /* AdminProductsVC.swift in Sources */,
				FA4EEBFC229D205400748A19 /* Category.swift in Sources */,
				FAC3AB6D22D2F59B0073CC6D /* AddEditCategoryVC.swift in Sources */,
				FA1EF5AB22A4FB02000B85A2 /* Extensions.swift in Sources */,
				FA4EEC00229D218C00748A19 /* CategoryCell.swift in Sources */,
				FA1EF5A522A4E990000B85A2 /* ProductDetailVC.swift in Sources */,
				FAB8C5A9233159C6008133CE /* PurchasesVC.swift in Sources */,
				FA09861A232415790089B3EC /* User.swift in Sources */,
				FAB8C5A6233065C0008133CE /* Purchase.swift in Sources */,
				FAB8C5AC23315A25008133CE /* PurchaseCell.swift in Sources */,
				FA4EEC0E229E005C00748A19 /* ProductCell.swift in Sources */,
				FAC3AB7222D3DFF60073CC6D /* AddEditProductsVC.swift in Sources */,
				FA4EEC0A229DFF6500748A19 /* Product.swift in Sources */,
			);
			runOnlyForDeploymentPostprocessing = 0;
		};
/* End PBXSourcesBuildPhase section */

/* Begin PBXVariantGroup section */
		FA0AEE6E229BAB10002227C1 /* Main.storyboard */ = {
			isa = PBXVariantGroup;
			children = (
				FA0AEE6F229BAB10002227C1 /* Base */,
			);
			name = Main.storyboard;
			sourceTree = "<group>";
		};
		FA0AEE73229BAB10002227C1 /* LaunchScreen.storyboard */ = {
			isa = PBXVariantGroup;
			children = (
				FA0AEE74229BAB10002227C1 /* Base */,
			);
			name = LaunchScreen.storyboard;
			sourceTree = "<group>";
		};
		FA0AEE86229BAB1B002227C1 /* Main.storyboard */ = {
			isa = PBXVariantGroup;
			children = (
				FA0AEE87229BAB1B002227C1 /* Base */,
			);
			name = Main.storyboard;
			sourceTree = "<group>";
		};
		FA0AEE8B229BAB1B002227C1 /* LaunchScreen.storyboard */ = {
			isa = PBXVariantGroup;
			children = (
				FA0AEE8C229BAB1B002227C1 /* Base */,
			);
			name = LaunchScreen.storyboard;
			sourceTree = "<group>";
		};
/* End PBXVariantGroup section */

/* Begin XCBuildConfiguration section */
		FA0AEE77229BAB10002227C1 /* Debug */ = {
			isa = XCBuildConfiguration;
			buildSettings = {
				ALWAYS_SEARCH_USER_PATHS = NO;
				CLANG_ANALYZER_NONNULL = YES;
				CLANG_ANALYZER_NUMBER_OBJECT_CONVERSION = YES_AGGRESSIVE;
				CLANG_CXX_LANGUAGE_STANDARD = "gnu++14";
				CLANG_CXX_LIBRARY = "libc++";
				CLANG_ENABLE_MODULES = YES;
				CLANG_ENABLE_OBJC_ARC = YES;
				CLANG_ENABLE_OBJC_WEAK = YES;
				CLANG_WARN_BLOCK_CAPTURE_AUTORELEASING = YES;
				CLANG_WARN_BOOL_CONVERSION = YES;
				CLANG_WARN_COMMA = YES;
				CLANG_WARN_CONSTANT_CONVERSION = YES;
				CLANG_WARN_DEPRECATED_OBJC_IMPLEMENTATIONS = YES;
				CLANG_WARN_DIRECT_OBJC_ISA_USAGE = YES_ERROR;
				CLANG_WARN_DOCUMENTATION_COMMENTS = YES;
				CLANG_WARN_EMPTY_BODY = YES;
				CLANG_WARN_ENUM_CONVERSION = YES;
				CLANG_WARN_INFINITE_RECURSION = YES;
				CLANG_WARN_INT_CONVERSION = YES;
				CLANG_WARN_NON_LITERAL_NULL_CONVERSION = YES;
				CLANG_WARN_OBJC_IMPLICIT_RETAIN_SELF = YES;
				CLANG_WARN_OBJC_LITERAL_CONVERSION = YES;
				CLANG_WARN_OBJC_ROOT_CLASS = YES_ERROR;
				CLANG_WARN_RANGE_LOOP_ANALYSIS = YES;
				CLANG_WARN_STRICT_PROTOTYPES = YES;
				CLANG_WARN_SUSPICIOUS_MOVE = YES;
				CLANG_WARN_UNGUARDED_AVAILABILITY = YES_AGGRESSIVE;
				CLANG_WARN_UNREACHABLE_CODE = YES;
				CLANG_WARN__DUPLICATE_METHOD_MATCH = YES;
				CODE_SIGN_IDENTITY = "iPhone Developer";
				COPY_PHASE_STRIP = NO;
				DEBUG_INFORMATION_FORMAT = dwarf;
				ENABLE_STRICT_OBJC_MSGSEND = YES;
				ENABLE_TESTABILITY = YES;
				GCC_C_LANGUAGE_STANDARD = gnu11;
				GCC_DYNAMIC_NO_PIC = NO;
				GCC_NO_COMMON_BLOCKS = YES;
				GCC_OPTIMIZATION_LEVEL = 0;
				GCC_PREPROCESSOR_DEFINITIONS = (
					"DEBUG=1",
					"$(inherited)",
				);
				GCC_WARN_64_TO_32_BIT_CONVERSION = YES;
				GCC_WARN_ABOUT_RETURN_TYPE = YES_ERROR;
				GCC_WARN_UNDECLARED_SELECTOR = YES;
				GCC_WARN_UNINITIALIZED_AUTOS = YES_AGGRESSIVE;
				GCC_WARN_UNUSED_FUNCTION = YES;
				GCC_WARN_UNUSED_VARIABLE = YES;
				IPHONEOS_DEPLOYMENT_TARGET = 12.2;
				MTL_ENABLE_DEBUG_INFO = INCLUDE_SOURCE;
				MTL_FAST_MATH = YES;
				ONLY_ACTIVE_ARCH = YES;
				SDKROOT = iphoneos;
				SWIFT_ACTIVE_COMPILATION_CONDITIONS = DEBUG;
				SWIFT_OPTIMIZATION_LEVEL = "-Onone";
			};
			name = Debug;
		};
		FA0AEE78229BAB10002227C1 /* Release */ = {
			isa = XCBuildConfiguration;
			buildSettings = {
				ALWAYS_SEARCH_USER_PATHS = NO;
				CLANG_ANALYZER_NONNULL = YES;
				CLANG_ANALYZER_NUMBER_OBJECT_CONVERSION = YES_AGGRESSIVE;
				CLANG_CXX_LANGUAGE_STANDARD = "gnu++14";
				CLANG_CXX_LIBRARY = "libc++";
				CLANG_ENABLE_MODULES = YES;
				CLANG_ENABLE_OBJC_ARC = YES;
				CLANG_ENABLE_OBJC_WEAK = YES;
				CLANG_WARN_BLOCK_CAPTURE_AUTORELEASING = YES;
				CLANG_WARN_BOOL_CONVERSION = YES;
				CLANG_WARN_COMMA = YES;
				CLANG_WARN_CONSTANT_CONVERSION = YES;
				CLANG_WARN_DEPRECATED_OBJC_IMPLEMENTATIONS = YES;
				CLANG_WARN_DIRECT_OBJC_ISA_USAGE = YES_ERROR;
				CLANG_WARN_DOCUMENTATION_COMMENTS = YES;
				CLANG_WARN_EMPTY_BODY = YES;
				CLANG_WARN_ENUM_CONVERSION = YES;
				CLANG_WARN_INFINITE_RECURSION = YES;
				CLANG_WARN_INT_CONVERSION = YES;
				CLANG_WARN_NON_LITERAL_NULL_CONVERSION = YES;
				CLANG_WARN_OBJC_IMPLICIT_RETAIN_SELF = YES;
				CLANG_WARN_OBJC_LITERAL_CONVERSION = YES;
				CLANG_WARN_OBJC_ROOT_CLASS = YES_ERROR;
				CLANG_WARN_RANGE_LOOP_ANALYSIS = YES;
				CLANG_WARN_STRICT_PROTOTYPES = YES;
				CLANG_WARN_SUSPICIOUS_MOVE = YES;
				CLANG_WARN_UNGUARDED_AVAILABILITY = YES_AGGRESSIVE;
				CLANG_WARN_UNREACHABLE_CODE = YES;
				CLANG_WARN__DUPLICATE_METHOD_MATCH = YES;
				CODE_SIGN_IDENTITY = "iPhone Developer";
				COPY_PHASE_STRIP = NO;
				DEBUG_INFORMATION_FORMAT = "dwarf-with-dsym";
				ENABLE_NS_ASSERTIONS = NO;
				ENABLE_STRICT_OBJC_MSGSEND = YES;
				GCC_C_LANGUAGE_STANDARD = gnu11;
				GCC_NO_COMMON_BLOCKS = YES;
				GCC_WARN_64_TO_32_BIT_CONVERSION = YES;
				GCC_WARN_ABOUT_RETURN_TYPE = YES_ERROR;
				GCC_WARN_UNDECLARED_SELECTOR = YES;
				GCC_WARN_UNINITIALIZED_AUTOS = YES_AGGRESSIVE;
				GCC_WARN_UNUSED_FUNCTION = YES;
				GCC_WARN_UNUSED_VARIABLE = YES;
				IPHONEOS_DEPLOYMENT_TARGET = 12.2;
				MTL_ENABLE_DEBUG_INFO = NO;
				MTL_FAST_MATH = YES;
				SDKROOT = iphoneos;
				SWIFT_COMPILATION_MODE = wholemodule;
				SWIFT_OPTIMIZATION_LEVEL = "-O";
				VALIDATE_PRODUCT = YES;
			};
			name = Release;
		};
		FA0AEE7A229BAB10002227C1 /* Debug */ = {
			isa = XCBuildConfiguration;
			baseConfigurationReference = CCC01F9C244AEF606EF97253 /* Pods-printbeat.debug.xcconfig */;
			buildSettings = {
				ASSETCATALOG_COMPILER_APPICON_NAME = AppIcon;
				CODE_SIGN_STYLE = Automatic;
				DEVELOPMENT_TEAM = 7RD59XU3S8;
				INFOPLIST_FILE = printbeat/Info.plist;
				IPHONEOS_DEPLOYMENT_TARGET = 11.0;
				LD_RUNPATH_SEARCH_PATHS = (
					"$(inherited)",
					"@executable_path/Frameworks",
				);
				PRODUCT_BUNDLE_IDENTIFIER = com.alexv.printbeat;
				PRODUCT_NAME = "$(TARGET_NAME)";
				SWIFT_VERSION = 5.0;
				TARGETED_DEVICE_FAMILY = "1,2";
			};
			name = Debug;
		};
		FA0AEE7B229BAB10002227C1 /* Release */ = {
			isa = XCBuildConfiguration;
			baseConfigurationReference = C38EFF677FB092160BA3EF7B /* Pods-printbeat.release.xcconfig */;
			buildSettings = {
				ASSETCATALOG_COMPILER_APPICON_NAME = AppIcon;
				CODE_SIGN_STYLE = Automatic;
				DEVELOPMENT_TEAM = 7RD59XU3S8;
				INFOPLIST_FILE = printbeat/Info.plist;
				IPHONEOS_DEPLOYMENT_TARGET = 11.0;
				LD_RUNPATH_SEARCH_PATHS = (
					"$(inherited)",
					"@executable_path/Frameworks",
				);
				PRODUCT_BUNDLE_IDENTIFIER = com.alexv.printbeat;
				PRODUCT_NAME = "$(TARGET_NAME)";
				SWIFT_VERSION = 5.0;
				TARGETED_DEVICE_FAMILY = "1,2";
			};
			name = Release;
		};
		FA0AEE90229BAB1B002227C1 /* Debug */ = {
			isa = XCBuildConfiguration;
			baseConfigurationReference = FD4B8B5C76EDA5F9944B84C3 /* Pods-printbeatAdmin.debug.xcconfig */;
			buildSettings = {
				ASSETCATALOG_COMPILER_APPICON_NAME = AppIcon;
				CODE_SIGN_STYLE = Automatic;
				DEVELOPMENT_TEAM = 7RD59XU3S8;
				INFOPLIST_FILE = printbeatAdmin/Info.plist;
				LD_RUNPATH_SEARCH_PATHS = (
					"$(inherited)",
					"@executable_path/Frameworks",
				);
				PRODUCT_BUNDLE_IDENTIFIER = "com.alexv.printbeat-admin";
				PRODUCT_NAME = "$(TARGET_NAME)";
				SWIFT_VERSION = 5.0;
				TARGETED_DEVICE_FAMILY = "1,2";
			};
			name = Debug;
		};
		FA0AEE91229BAB1B002227C1 /* Release */ = {
			isa = XCBuildConfiguration;
			baseConfigurationReference = 3484F32B6948F07D86B1962F /* Pods-printbeatAdmin.release.xcconfig */;
			buildSettings = {
				ASSETCATALOG_COMPILER_APPICON_NAME = AppIcon;
				CODE_SIGN_STYLE = Automatic;
				DEVELOPMENT_TEAM = 7RD59XU3S8;
				INFOPLIST_FILE = printbeatAdmin/Info.plist;
				LD_RUNPATH_SEARCH_PATHS = (
					"$(inherited)",
					"@executable_path/Frameworks",
				);
				PRODUCT_BUNDLE_IDENTIFIER = "com.alexv.printbeat-admin";
				PRODUCT_NAME = "$(TARGET_NAME)";
				SWIFT_VERSION = 5.0;
				TARGETED_DEVICE_FAMILY = "1,2";
			};
			name = Release;
		};
/* End XCBuildConfiguration section */

/* Begin XCConfigurationList section */
		FA0AEE62229BAB10002227C1 /* Build configuration list for PBXProject "printbeat" */ = {
			isa = XCConfigurationList;
			buildConfigurations = (
				FA0AEE77229BAB10002227C1 /* Debug */,
				FA0AEE78229BAB10002227C1 /* Release */,
			);
			defaultConfigurationIsVisible = 0;
			defaultConfigurationName = Release;
		};
		FA0AEE79229BAB10002227C1 /* Build configuration list for PBXNativeTarget "printbeat" */ = {
			isa = XCConfigurationList;
			buildConfigurations = (
				FA0AEE7A229BAB10002227C1 /* Debug */,
				FA0AEE7B229BAB10002227C1 /* Release */,
			);
			defaultConfigurationIsVisible = 0;
			defaultConfigurationName = Release;
		};
		FA0AEE8F229BAB1B002227C1 /* Build configuration list for PBXNativeTarget "printbeatAdmin" */ = {
			isa = XCConfigurationList;
			buildConfigurations = (
				FA0AEE90229BAB1B002227C1 /* Debug */,
				FA0AEE91229BAB1B002227C1 /* Release */,
			);
			defaultConfigurationIsVisible = 0;
			defaultConfigurationName = Release;
		};
/* End XCConfigurationList section */
	};
	rootObject = FA0AEE5F229BAB10002227C1 /* Project object */;
}
